// !$*UTF8*$!
{
	archiveVersion = 1;
	classes = {
	};
	objectVersion = 46;
	objects = {

/* Begin PBXBuildFile section */
		030F9FEB1A8C3D52003EF42F /* AppDelegate.swift in Sources */ = {isa = PBXBuildFile; fileRef = 030F9FEA1A8C3D52003EF42F /* AppDelegate.swift */; };
		030F9FED1A8C3D52003EF42F /* ViewController.swift in Sources */ = {isa = PBXBuildFile; fileRef = 030F9FEC1A8C3D52003EF42F /* ViewController.swift */; };
		030F9FF01A8C3D52003EF42F /* Main.storyboard in Resources */ = {isa = PBXBuildFile; fileRef = 030F9FEE1A8C3D52003EF42F /* Main.storyboard */; };
		030F9FF21A8C3D52003EF42F /* Images.xcassets in Resources */ = {isa = PBXBuildFile; fileRef = 030F9FF11A8C3D52003EF42F /* Images.xcassets */; };
		030F9FF51A8C3D52003EF42F /* LaunchScreen.xib in Resources */ = {isa = PBXBuildFile; fileRef = 030F9FF31A8C3D52003EF42F /* LaunchScreen.xib */; };
		030FA0011A8C3D52003EF42F /* postcardTests.swift in Sources */ = {isa = PBXBuildFile; fileRef = 030FA0001A8C3D52003EF42F /* postcardTests.swift */; };
/* End PBXBuildFile section */

/* Begin PBXContainerItemProxy section */
		030F9FFB1A8C3D52003EF42F /* PBXContainerItemProxy */ = {
			isa = PBXContainerItemProxy;
			containerPortal = 030F9FDD1A8C3D52003EF42F /* Project object */;
			proxyType = 1;
			remoteGlobalIDString = 030F9FE41A8C3D52003EF42F;
			remoteInfo = postcard;
		};
/* End PBXContainerItemProxy section */

/* Begin PBXFileReference section */
		030F9FE51A8C3D52003EF42F /* postcard.app */ = {isa = PBXFileReference; explicitFileType = wrapper.application; includeInIndex = 0; path = postcard.app; sourceTree = BUILT_PRODUCTS_DIR; };
		030F9FE91A8C3D52003EF42F /* Info.plist */ = {isa = PBXFileReference; lastKnownFileType = text.plist.xml; path = Info.plist; sourceTree = "<group>"; };
		030F9FEA1A8C3D52003EF42F /* AppDelegate.swift */ = {isa = PBXFileReference; lastKnownFileType = sourcecode.swift; path = AppDelegate.swift; sourceTree = "<group>"; };
		030F9FEC1A8C3D52003EF42F /* ViewController.swift */ = {isa = PBXFileReference; lastKnownFileType = sourcecode.swift; path = ViewController.swift; sourceTree = "<group>"; };
		030F9FEF1A8C3D52003EF42F /* Base */ = {isa = PBXFileReference; lastKnownFileType = file.storyboard; name = Base; path = Base.lproj/Main.storyboard; sourceTree = "<group>"; };
		030F9FF11A8C3D52003EF42F /* Images.xcassets */ = {isa = PBXFileReference; lastKnownFileType = folder.assetcatalog; path = Images.xcassets; sourceTree = "<group>"; };
		030F9FF41A8C3D52003EF42F /* Base */ = {isa = PBXFileReference; lastKnownFileType = file.xib; name = Base; path = Base.lproj/LaunchScreen.xib; sourceTree = "<group>"; };
		030F9FFA1A8C3D52003EF42F /* postcardTests.xctest */ = {isa = PBXFileReference; explicitFileType = wrapper.cfbundle; includeInIndex = 0; path = postcardTests.xctest; sourceTree = BUILT_PRODUCTS_DIR; };
		030F9FFF1A8C3D52003EF42F /* Info.plist */ = {isa = PBXFileReference; lastKnownFileType = text.plist.xml; path = Info.plist; sourceTree = "<group>"; };
		030FA0001A8C3D52003EF42F /* postcardTests.swift */ = {isa = PBXFileReference; lastKnownFileType = sourcecode.swift; path = postcardTests.swift; sourceTree = "<group>"; };
/* End PBXFileReference section */

/* Begin PBXFrameworksBuildPhase section */
		030F9FE21A8C3D52003EF42F /* Frameworks */ = {
			isa = PBXFrameworksBuildPhase;
			buildActionMask = 2147483647;
			files = (
			);
			runOnlyForDeploymentPostprocessing = 0;
		};
		030F9FF71A8C3D52003EF42F /* Frameworks */ = {
			isa = PBXFrameworksBuildPhase;
			buildActionMask = 2147483647;
			files = (
			);
			runOnlyForDeploymentPostprocessing = 0;
		};
/* End PBXFrameworksBuildPhase section */

/* Begin PBXGroup section */
		030F9FDC1A8C3D52003EF42F = {
			isa = PBXGroup;
			children = (
				030F9FE71A8C3D52003EF42F /* postcard */,
				030F9FFD1A8C3D52003EF42F /* postcardTests */,
				030F9FE61A8C3D52003EF42F /* Products */,
			);
			sourceTree = "<group>";
		};
		030F9FE61A8C3D52003EF42F /* Products */ = {
			isa = PBXGroup;
			children = (
				030F9FE51A8C3D52003EF42F /* postcard.app */,
				030F9FFA1A8C3D52003EF42F /* postcardTests.xctest */,
			);
			name = Products;
			sourceTree = "<group>";
		};
		030F9FE71A8C3D52003EF42F /* postcard */ = {
			isa = PBXGroup;
			children = (
				030F9FEA1A8C3D52003EF42F /* AppDelegate.swift */,
				030F9FEC1A8C3D52003EF42F /* ViewController.swift */,
				030F9FEE1A8C3D52003EF42F /* Main.storyboard */,
				030F9FF11A8C3D52003EF42F /* Images.xcassets */,
				030F9FF31A8C3D52003EF42F /* LaunchScreen.xib */,
				030F9FE81A8C3D52003EF42F /* Supporting Files */,
			);
			path = postcard;
			sourceTree = "<group>";
		};
		030F9FE81A8C3D52003EF42F /* Supporting Files */ = {
			isa = PBXGroup;
			children = (
				030F9FE91A8C3D52003EF42F /* Info.plist */,
			);
			name = "Supporting Files";
			sourceTree = "<group>";
		};
		030F9FFD1A8C3D52003EF42F /* postcardTests */ = {
			isa = PBXGroup;
			children = (
				030FA0001A8C3D52003EF42F /* postcardTests.swift */,
				030F9FFE1A8C3D52003EF42F /* Supporting Files */,
			);
			path = postcardTests;
			sourceTree = "<group>";
		};
		030F9FFE1A8C3D52003EF42F /* Supporting Files */ = {
			isa = PBXGroup;
			children = (
				030F9FFF1A8C3D52003EF42F /* Info.plist */,
			);
			name = "Supporting Files";
			sourceTree = "<group>";
		};
/* End PBXGroup section */

/* Begin PBXNativeTarget section */
		030F9FE41A8C3D52003EF42F /* postcard */ = {
			isa = PBXNativeTarget;
			buildConfigurationList = 030FA0041A8C3D52003EF42F /* Build configuration list for PBXNativeTarget "postcard" */;
			buildPhases = (
				030F9FE11A8C3D52003EF42F /* Sources */,
				030F9FE21A8C3D52003EF42F /* Frameworks */,
				030F9FE31A8C3D52003EF42F /* Resources */,
			);
			buildRules = (
			);
			dependencies = (
			);
			name = postcard;
			productName = postcard;
			productReference = 030F9FE51A8C3D52003EF42F /* postcard.app */;
			productType = "com.apple.product-type.application";
		};
		030F9FF91A8C3D52003EF42F /* postcardTests */ = {
			isa = PBXNativeTarget;
			buildConfigurationList = 030FA0071A8C3D52003EF42F /* Build configuration list for PBXNativeTarget "postcardTests" */;
			buildPhases = (
				030F9FF61A8C3D52003EF42F /* Sources */,
				030F9FF71A8C3D52003EF42F /* Frameworks */,
				030F9FF81A8C3D52003EF42F /* Resources */,
			);
			buildRules = (
			);
			dependencies = (
				030F9FFC1A8C3D52003EF42F /* PBXTargetDependency */,
			);
			name = postcardTests;
			productName = postcardTests;
			productReference = 030F9FFA1A8C3D52003EF42F /* postcardTests.xctest */;
			productType = "com.apple.product-type.bundle.unit-test";
		};
/* End PBXNativeTarget section */

/* Begin PBXProject section */
		030F9FDD1A8C3D52003EF42F /* Project object */ = {
			isa = PBXProject;
			attributes = {
				LastUpgradeCheck = 0610;
				ORGANIZATIONNAME = "Joshua Davis";
				TargetAttributes = {
					030F9FE41A8C3D52003EF42F = {
						CreatedOnToolsVersion = 6.1.1;
					};
					030F9FF91A8C3D52003EF42F = {
						CreatedOnToolsVersion = 6.1.1;
						TestTargetID = 030F9FE41A8C3D52003EF42F;
					};
				};
			};
			buildConfigurationList = 030F9FE01A8C3D52003EF42F /* Build configuration list for PBXProject "postcard" */;
			compatibilityVersion = "Xcode 3.2";
			developmentRegion = English;
			hasScannedForEncodings = 0;
			knownRegions = (
				en,
				Base,
			);
			mainGroup = 030F9FDC1A8C3D52003EF42F;
			productRefGroup = 030F9FE61A8C3D52003EF42F /* Products */;
			projectDirPath = "";
			projectRoot = "";
			targets = (
				030F9FE41A8C3D52003EF42F /* postcard */,
				030F9FF91A8C3D52003EF42F /* postcardTests */,
			);
		};
/* End PBXProject section */

/* Begin PBXResourcesBuildPhase section */
		030F9FE31A8C3D52003EF42F /* Resources */ = {
			isa = PBXResourcesBuildPhase;
			buildActionMask = 2147483647;
			files = (
				030F9FF01A8C3D52003EF42F /* Main.storyboard in Resources */,
				030F9FF51A8C3D52003EF42F /* LaunchScreen.xib in Resources */,
				030F9FF21A8C3D52003EF42F /* Images.xcassets in Resources */,
			);
			runOnlyForDeploymentPostprocessing = 0;
		};
		030F9FF81A8C3D52003EF42F /* Resources */ = {
			isa = PBXResourcesBuildPhase;
			buildActionMask = 2147483647;
			files = (
			);
			runOnlyForDeploymentPostprocessing = 0;
		};
/* End PBXResourcesBuildPhase section */

/* Begin PBXSourcesBuildPhase section */
		030F9FE11A8C3D52003EF42F /* Sources */ = {
			isa = PBXSourcesBuildPhase;
			buildActionMask = 2147483647;
			files = (
				030F9FED1A8C3D52003EF42F /* ViewController.swift in Sources */,
				030F9FEB1A8C3D52003EF42F /* AppDelegate.swift in Sources */,
			);
			runOnlyForDeploymentPostprocessing = 0;
		};
		030F9FF61A8C3D52003EF42F /* Sources */ = {
			isa = PBXSourcesBuildPhase;
			buildActionMask = 2147483647;
			files = (
				030FA0011A8C3D52003EF42F /* postcardTests.swift in Sources */,
			);
			runOnlyForDeploymentPostprocessing = 0;
		};
/* End PBXSourcesBuildPhase section */

/* Begin PBXTargetDependency section */
		030F9FFC1A8C3D52003EF42F /* PBXTargetDependency */ = {
			isa = PBXTargetDependency;
			target = 030F9FE41A8C3D52003EF42F /* postcard */;
			targetProxy = 030F9FFB1A8C3D52003EF42F /* PBXContainerItemProxy */;
		};
/* End PBXTargetDependency section */

/* Begin PBXVariantGroup section */
		030F9FEE1A8C3D52003EF42F /* Main.storyboard */ = {
			isa = PBXVariantGroup;
			children = (
				030F9FEF1A8C3D52003EF42F /* Base */,
			);
			name = Main.storyboard;
			sourceTree = "<group>";
		};
		030F9FF31A8C3D52003EF42F /* LaunchScreen.xib */ = {
			isa = PBXVariantGroup;
			children = (
				030F9FF41A8C3D52003EF42F /* Base */,
			);
			name = LaunchScreen.xib;
			sourceTree = "<group>";
		};
/* End PBXVariantGroup section */

/* Begin XCBuildConfiguration section */
		030FA0021A8C3D52003EF42F /* Debug */ = {
			isa = XCBuildConfiguration;
			buildSettings = {
				ALWAYS_SEARCH_USER_PATHS = NO;
				CLANG_CXX_LANGUAGE_STANDARD = "gnu++0x";
				CLANG_CXX_LIBRARY = "libc++";
				CLANG_ENABLE_MODULES = YES;
				CLANG_ENABLE_OBJC_ARC = YES;
				CLANG_WARN_BOOL_CONVERSION = YES;
				CLANG_WARN_CONSTANT_CONVERSION = YES;
				CLANG_WARN_DIRECT_OBJC_ISA_USAGE = YES_ERROR;
				CLANG_WARN_EMPTY_BODY = YES;
				CLANG_WARN_ENUM_CONVERSION = YES;
				CLANG_WARN_INT_CONVERSION = YES;
				CLANG_WARN_OBJC_ROOT_CLASS = YES_ERROR;
				CLANG_WARN_UNREACHABLE_CODE = YES;
				CLANG_WARN__DUPLICATE_METHOD_MATCH = YES;
				"CODE_SIGN_IDENTITY[sdk=iphoneos*]" = "iPhone Developer";
				COPY_PHASE_STRIP = NO;
				ENABLE_STRICT_OBJC_MSGSEND = YES;
				GCC_C_LANGUAGE_STANDARD = gnu99;
				GCC_DYNAMIC_NO_PIC = NO;
				GCC_OPTIMIZATION_LEVEL = 0;
				GCC_PREPROCESSOR_DEFINITIONS = (
					"DEBUG=1",
					"$(inherited)",
				);
				GCC_SYMBOLS_PRIVATE_EXTERN = NO;
				GCC_WARN_64_TO_32_BIT_CONVERSION = YES;
				GCC_WARN_ABOUT_RETURN_TYPE = YES_ERROR;
				GCC_WARN_UNDECLARED_SELECTOR = YES;
				GCC_WARN_UNINITIALIZED_AUTOS = YES_AGGRESSIVE;
				GCC_WARN_UNUSED_FUNCTION = YES;
				GCC_WARN_UNUSED_VARIABLE = YES;
				IPHONEOS_DEPLOYMENT_TARGET = 8.1;
				MTL_ENABLE_DEBUG_INFO = YES;
				ONLY_ACTIVE_ARCH = YES;
				SDKROOT = iphoneos;
				SWIFT_OPTIMIZATION_LEVEL = "-Onone";
				TARGETED_DEVICE_FAMILY = "1,2";
			};
			name = Debug;
		};
		030FA0031A8C3D52003EF42F /* Release */ = {
			isa = XCBuildConfiguration;
			buildSettings = {
				ALWAYS_SEARCH_USER_PATHS = NO;
				CLANG_CXX_LANGUAGE_STANDARD = "gnu++0x";
				CLANG_CXX_LIBRARY = "libc++";
				CLANG_ENABLE_MODULES = YES;
				CLANG_ENABLE_OBJC_ARC = YES;
				CLANG_WARN_BOOL_CONVERSION = YES;
				CLANG_WARN_CONSTANT_CONVERSION = YES;
				CLANG_WARN_DIRECT_OBJC_ISA_USAGE = YES_ERROR;
				CLANG_WARN_EMPTY_BODY = YES;
				CLANG_WARN_ENUM_CONVERSION = YES;
				CLANG_WARN_INT_CONVERSION = YES;
				CLANG_WARN_OBJC_ROOT_CLASS = YES_ERROR;
				CLANG_WARN_UNREACHABLE_CODE = YES;
				CLANG_WARN__DUPLICATE_METHOD_MATCH = YES;
				"CODE_SIGN_IDENTITY[sdk=iphoneos*]" = "iPhone Developer";
				COPY_PHASE_STRIP = YES;
				ENABLE_NS_ASSERTIONS = NO;
				ENABLE_STRICT_OBJC_MSGSEND = YES;
				GCC_C_LANGUAGE_STANDARD = gnu99;
				GCC_WARN_64_TO_32_BIT_CONVERSION = YES;
				GCC_WARN_ABOUT_RETURN_TYPE = YES_ERROR;
				GCC_WARN_UNDECLARED_SELECTOR = YES;
				GCC_WARN_UNINITIALIZED_AUTOS = YES_AGGRESSIVE;
				GCC_WARN_UNUSED_FUNCTION = YES;
				GCC_WARN_UNUSED_VARIABLE = YES;
				IPHONEOS_DEPLOYMENT_TARGET = 8.1;
				MTL_ENABLE_DEBUG_INFO = NO;
				SDKROOT = iphoneos;
				TARGETED_DEVICE_FAMILY = "1,2";
				VALIDATE_PRODUCT = YES;
			};
			name = Release;
		};
		030FA0051A8C3D52003EF42F /* Debug */ = {
			isa = XCBuildConfiguration;
			buildSettings = {
				ASSETCATALOG_COMPILER_APPICON_NAME = AppIcon;
				INFOPLIST_FILE = postcard/Info.plist;
				LD_RUNPATH_SEARCH_PATHS = "$(inherited) @executable_path/Frameworks";
				PRODUCT_NAME = "$(TARGET_NAME)";
			};
			name = Debug;
		};
		030FA0061A8C3D52003EF42F /* Release */ = {
			isa = XCBuildConfiguration;
			buildSettings = {
				ASSETCATALOG_COMPILER_APPICON_NAME = AppIcon;
				INFOPLIST_FILE = postcard/Info.plist;
				LD_RUNPATH_SEARCH_PATHS = "$(inherited) @executable_path/Frameworks";
				PRODUCT_NAME = "$(TARGET_NAME)";
			};
			name = Release;
		};
		030FA0081A8C3D52003EF42F /* Debug */ = {
			isa = XCBuildConfiguration;
			buildSettings = {
				BUNDLE_LOADER = "$(TEST_HOST)";
				FRAMEWORK_SEARCH_PATHS = (
					"$(SDKROOT)/Developer/Library/Frameworks",
					"$(inherited)",
				);
				GCC_PREPROCESSOR_DEFINITIONS = (
					"DEBUG=1",
					"$(inherited)",
				);
				INFOPLIST_FILE = postcardTests/Info.plist;
				LD_RUNPATH_SEARCH_PATHS = "$(inherited) @executable_path/Frameworks @loader_path/Frameworks";
				PRODUCT_NAME = "$(TARGET_NAME)";
				TEST_HOST = "$(BUILT_PRODUCTS_DIR)/postcard.app/postcard";
			};
			name = Debug;
		};
		030FA0091A8C3D52003EF42F /* Release */ = {
			isa = XCBuildConfiguration;
			buildSettings = {
				BUNDLE_LOADER = "$(TEST_HOST)";
				FRAMEWORK_SEARCH_PATHS = (
					"$(SDKROOT)/Developer/Library/Frameworks",
					"$(inherited)",
				);
				INFOPLIST_FILE = postcardTests/Info.plist;
				LD_RUNPATH_SEARCH_PATHS = "$(inherited) @executable_path/Frameworks @loader_path/Frameworks";
				PRODUCT_NAME = "$(TARGET_NAME)";
				TEST_HOST = "$(BUILT_PRODUCTS_DIR)/postcard.app/postcard";
			};
			name = Release;
		};
/* End XCBuildConfiguration section */

/* Begin XCConfigurationList section */
		030F9FE01A8C3D52003EF42F /* Build configuration list for PBXProject "postcard" */ = {
			isa = XCConfigurationList;
			buildConfigurations = (
				030FA0021A8C3D52003EF42F /* Debug */,
				030FA0031A8C3D52003EF42F /* Release */,
			);
			defaultConfigurationIsVisible = 0;
			defaultConfigurationName = Release;
		};
		030FA0041A8C3D52003EF42F /* Build configuration list for PBXNativeTarget "postcard" */ = {
			isa = XCConfigurationList;
			buildConfigurations = (
				030FA0051A8C3D52003EF42F /* Debug */,
				030FA0061A8C3D52003EF42F /* Release */,
			);
			defaultConfigurationIsVisible = 0;
		};
		030FA0071A8C3D52003EF42F /* Build configuration list for PBXNativeTarget "postcardTests" */ = {
			isa = XCConfigurationList;
			buildConfigurations = (
				030FA0081A8C3D52003EF42F /* Debug */,
				030FA0091A8C3D52003EF42F /* Release */,
			);
			defaultConfigurationIsVisible = 0;
		};
/* End XCConfigurationList section */
	};
	rootObject = 030F9FDD1A8C3D52003EF42F /* Project object */;
}
